
Microsoft Visual Studio Solution File, Format Version 12.00
# Visual Studio Version 17
VisualStudioVersion = 17.5.33516.290
MinimumVisualStudioVersion = 10.0.40219.1
Project("{FAE04EC0-301F-11D3-BF4B-00C04F79EFBC}") = "Aether.Physics2D.Diagnostics.NET40.KNI", "Physics2D.Diagnostics\Diagnostics\Aether.Physics2D.Diagnostics.NET40.KNI.csproj", "{7ACAC54B-A591-4AB8-806A-8E2BC720101F}"
EndProject
Project("{FAE04EC0-301F-11D3-BF4B-00C04F79EFBC}") = "Aether.Physics2D.NET40.KNI", "Physics2D\Aether.Physics2D.NET40.KNI.csproj", "{7EA2411A-5448-4ABA-9BC0-F8C308F820E7}"
EndProject
Project("{2150E333-8FDC-42A3-9474-1A3956D46DE8}") = "Aether.Content.Pipeline", "Aether.Content.Pipeline", "{788E0EEB-6271-4629-B92D-0D7FDF0DFE0E}"
EndProject
Project("{2150E333-8FDC-42A3-9474-1A3956D46DE8}") = "Diagnostics", "Diagnostics", "{2B8995AB-01ED-4023-AABD-5A6C55DA8969}"
EndProject
Project("{FAE04EC0-301F-11D3-BF4B-00C04F79EFBC}") = "Physics2DImporters.NET40.KNI", "Content.Pipeline\Physics2DImporters\Physics2DImporters.NET40.KNI.csproj", "{A4B5353E-A5DD-4A2B-9793-107EE6F75178}"
EndProject
Project("{FAE04EC0-301F-11D3-BF4B-00C04F79EFBC}") = "Aether.Physics2D.Content.NET40.KNI", "Physics2D.Content\Aether.Physics2D.Content.NET40.KNI.csproj", "{B7D297E4-23D5-4DEF-B91B-661CAB5767FE}"
EndProject
Global
	GlobalSection(SolutionConfigurationPlatforms) = preSolution
		Debug|Any CPU = Debug|Any CPU
		Release|Any CPU = Release|Any CPU
	EndGlobalSection
	GlobalSection(ProjectConfigurationPlatforms) = postSolution
		{7ACAC54B-A591-4AB8-806A-8E2BC720101F}.Debug|Any CPU.ActiveCfg = Debug|Any CPU
		{7ACAC54B-A591-4AB8-806A-8E2BC720101F}.Debug|Any CPU.Build.0 = Debug|Any CPU
		{7ACAC54B-A591-4AB8-806A-8E2BC720101F}.Release|Any CPU.ActiveCfg = Release|Any CPU
		{7ACAC54B-A591-4AB8-806A-8E2BC720101F}.Release|Any CPU.Build.0 = Release|Any CPU
		{7EA2411A-5448-4ABA-9BC0-F8C308F820E7}.Debug|Any CPU.ActiveCfg = Debug|Any CPU
		{7EA2411A-5448-4ABA-9BC0-F8C308F820E7}.Debug|Any CPU.Build.0 = Debug|Any CPU
		{7EA2411A-5448-4ABA-9BC0-F8C308F820E7}.Release|Any CPU.ActiveCfg = Release|Any CPU
		{7EA2411A-5448-4ABA-9BC0-F8C308F820E7}.Release|Any CPU.Build.0 = Release|Any CPU
		{A4B5353E-A5DD-4A2B-9793-107EE6F75178}.Debug|Any CPU.ActiveCfg = Debug|Any CPU
		{A4B5353E-A5DD-4A2B-9793-107EE6F75178}.Debug|Any CPU.Build.0 = Debug|Any CPU
		{A4B5353E-A5DD-4A2B-9793-107EE6F75178}.Release|Any CPU.ActiveCfg = Release|Any CPU
		{A4B5353E-A5DD-4A2B-9793-107EE6F75178}.Release|Any CPU.Build.0 = Release|Any CPU
		{B7D297E4-23D5-4DEF-B91B-661CAB5767FE}.Debug|Any CPU.ActiveCfg = Debug|Any CPU
		{B7D297E4-23D5-4DEF-B91B-661CAB5767FE}.Debug|Any CPU.Build.0 = Debug|Any CPU
		{B7D297E4-23D5-4DEF-B91B-661CAB5767FE}.Release|Any CPU.ActiveCfg = Release|Any CPU
		{B7D297E4-23D5-4DEF-B91B-661CAB5767FE}.Release|Any CPU.Build.0 = Release|Any CPU
	EndGlobalSection
	GlobalSection(SolutionProperties) = preSolution
		HideSolutionNode = FALSE
	EndGlobalSection
	GlobalSection(NestedProjects) = preSolution
		{7ACAC54B-A591-4AB8-806A-8E2BC720101F} = {2B8995AB-01ED-4023-AABD-5A6C55DA8969}
		{A4B5353E-A5DD-4A2B-9793-107EE6F75178} = {788E0EEB-6271-4629-B92D-0D7FDF0DFE0E}
		{B7D297E4-23D5-4DEF-B91B-661CAB5767FE} = {788E0EEB-6271-4629-B92D-0D7FDF0DFE0E}
	EndGlobalSection
EndGlobal
