
Microsoft Visual Studio Solution File, Format Version 12.00
# Visual Studio Version 17
VisualStudioVersion = 17.0.31717.71
MinimumVisualStudioVersion = 10.0.40219.1
Project("{9A19103F-16F7-4668-BE54-9A1E7A4F7556}") = "Samples.BlazorGL", "Samples\Samples.BlazorGL\Samples.BlazorGL.csproj", "{E747D7E7-C7A5-4973-A2BB-0E5C2BE4A45F}"
EndProject
Project("{D954291E-2A0B-460D-934E-DC6B0785DB48}") = "Samples", "Samples\Samples\Samples.shproj", "{72DCF07D-A710-4BB9-84D4-B5C11313929C}"
EndProject
Project("{9A19103F-16F7-4668-BE54-9A1E7A4F7556}") = "Aether.Physics2D.NETSTANDARD2_0.KNI", "Physics2D\Aether.Physics2D.NETSTANDARD2_0.KNI.csproj", "{9422D5CA-5E24-423E-944A-494B6ECA6298}"
EndProject
Project("{2150E333-8FDC-42A3-9474-1A3956D46DE8}") = "Aether.Physics2D", "Aether.Physics2D", "{E6AA1AE6-2636-4153-86E4-F9E1D509E721}"
EndProject
Project("{9A19103F-16F7-4668-BE54-9A1E7A4F7556}") = "Aether.Physics2D.Diagnostics.NETSTANDARD2_0.KNI", "Physics2D.Diagnostics\Diagnostics\Aether.Physics2D.Diagnostics.NETSTANDARD2_0.KNI.csproj", "{A5486E73-E07F-48E8-B208-BBCBE9DAB184}"
EndProject
Global
	GlobalSection(SolutionConfigurationPlatforms) = preSolution
		Debug|Any CPU = Debug|Any CPU
		Release|Any CPU = Release|Any CPU
	EndGlobalSection
	GlobalSection(ProjectConfigurationPlatforms) = postSolution
		{E747D7E7-C7A5-4973-A2BB-0E5C2BE4A45F}.Debug|Any CPU.ActiveCfg = Debug|Any CPU
		{E747D7E7-C7A5-4973-A2BB-0E5C2BE4A45F}.Debug|Any CPU.Build.0 = Debug|Any CPU
		{E747D7E7-C7A5-4973-A2BB-0E5C2BE4A45F}.Release|Any CPU.ActiveCfg = Release|Any CPU
		{E747D7E7-C7A5-4973-A2BB-0E5C2BE4A45F}.Release|Any CPU.Build.0 = Release|Any CPU
		{9422D5CA-5E24-423E-944A-494B6ECA6298}.Debug|Any CPU.ActiveCfg = Debug|Any CPU
		{9422D5CA-5E24-423E-944A-494B6ECA6298}.Debug|Any CPU.Build.0 = Debug|Any CPU
		{9422D5CA-5E24-423E-944A-494B6ECA6298}.Release|Any CPU.ActiveCfg = Release|Any CPU
		{9422D5CA-5E24-423E-944A-494B6ECA6298}.Release|Any CPU.Build.0 = Release|Any CPU
		{A5486E73-E07F-48E8-B208-BBCBE9DAB184}.Debug|Any CPU.ActiveCfg = Debug|Any CPU
		{A5486E73-E07F-48E8-B208-BBCBE9DAB184}.Debug|Any CPU.Build.0 = Debug|Any CPU
		{A5486E73-E07F-48E8-B208-BBCBE9DAB184}.Release|Any CPU.ActiveCfg = Release|Any CPU
		{A5486E73-E07F-48E8-B208-BBCBE9DAB184}.Release|Any CPU.Build.0 = Release|Any CPU
	EndGlobalSection
	GlobalSection(SolutionProperties) = preSolution
		HideSolutionNode = FALSE
	EndGlobalSection
	GlobalSection(NestedProjects) = preSolution
		{9422D5CA-5E24-423E-944A-494B6ECA6298} = {E6AA1AE6-2636-4153-86E4-F9E1D509E721}
		{A5486E73-E07F-48E8-B208-BBCBE9DAB184} = {E6AA1AE6-2636-4153-86E4-F9E1D509E721}
	EndGlobalSection
	GlobalSection(ExtensibilityGlobals) = postSolution
		SolutionGuid = {0F98FC1A-5156-4B81-9D44-672740D59C35}
	EndGlobalSection
	GlobalSection(SharedMSBuildProjectFiles) = preSolution
		Samples\Samples\Samples.projitems*{72dcf07d-a710-4bb9-84d4-b5c11313929c}*SharedItemsImports = 13
		Samples\Samples\Samples.projitems*{e747d7e7-c7a5-4973-a2bb-0e5c2be4a45f}*SharedItemsImports = 5
	EndGlobalSection
EndGlobal
